
Microsoft Visual Studio Solution File, Format Version 12.00
# Visual Studio Version 17
VisualStudioVersion = 17.14.36310.24 d17.14
MinimumVisualStudioVersion = 10.0.40219.1
Project("{FAE04EC0-301F-11D3-BF4B-00C04F79EFBC}") = "Az-demo", "Az-demo\Az-demo.csproj", "{36B4CD40-F9BA-47AE-8212-323C2EBB66F3}"
EndProject
Global
	GlobalSection(SolutionConfigurationPlatforms) = preSolution
		Debug|Any CPU = Debug|Any CPU
		Release|Any CPU = Release|Any CPU
	EndGlobalSection
	GlobalSection(ProjectConfigurationPlatforms) = postSolution
		{36B4CD40-F9BA-47AE-8212-323C2EBB66F3}.Debug|Any CPU.ActiveCfg = Debug|Any CPU
		{36B4CD40-F9BA-47AE-8212-323C2EBB66F3}.Debug|Any CPU.Build.0 = Debug|Any CPU
		{36B4CD40-F9BA-47AE-8212-323C2EBB66F3}.Release|Any CPU.ActiveCfg = Release|Any CPU
		{36B4CD40-F9BA-47AE-8212-323C2EBB66F3}.Release|Any CPU.Build.0 = Release|Any CPU
	EndGlobalSection
	GlobalSection(SolutionProperties) = preSolution
		HideSolutionNode = FALSE
	EndGlobalSection
	GlobalSection(ExtensibilityGlobals) = postSolution
		SolutionGuid = {EDC63390-CB74-4A1B-9E38-4CFF72CCCAAE}
	EndGlobalSection
EndGlobal
